# THIS IS AN AUTOGENERATED FILE. DO NOT EDIT THIS FILE DIRECTLY.
# yarn lockfile v1


"@prisma/client@5.13.0":
  version "5.13.0"
  resolved "https://registry.yarnpkg.com/@prisma/client/-/client-5.13.0.tgz#b9f1d0983d714e982675201d8222a9ecb4bdad4a"
  integrity sha512-uYdfpPncbZ/syJyiYBwGZS8Gt1PTNoErNYMuqHDa2r30rNSFtgTA/LXsSk55R7pdRTMi5pHkeP9B14K6nHmwkg==

"@prisma/debug@5.13.0":
  version "5.13.0"
  resolved "https://registry.yarnpkg.com/@prisma/debug/-/debug-5.13.0.tgz#d88b0f6fafa0c216e20e284ed9fc30f1cbe45786"
  integrity sha512-699iqlEvzyCj9ETrXhs8o8wQc/eVW+FigSsHpiskSFydhjVuwTJEfj/nIYqTaWFYuxiWQRfm3r01meuW97SZaQ==

"@prisma/engines-version@5.13.0-23.b9a39a7ee606c28e3455d0fd60e78c3ba82b1a2b":
  version "5.13.0-23.b9a39a7ee606c28e3455d0fd60e78c3ba82b1a2b"
  resolved "https://registry.yarnpkg.com/@prisma/engines-version/-/engines-version-5.13.0-23.b9a39a7ee606c28e3455d0fd60e78c3ba82b1a2b.tgz#a72a4fb83ba1fd01ad45f795aa55168f60d34723"
  integrity sha512-AyUuhahTINGn8auyqYdmxsN+qn0mw3eg+uhkp8zwknXYIqoT3bChG4RqNY/nfDkPvzWAPBa9mrDyBeOnWSgO6A==

"@prisma/engines@5.13.0":
  version "5.13.0"
  resolved "https://registry.yarnpkg.com/@prisma/engines/-/engines-5.13.0.tgz#8994ebf7b4e35aee7746a8465ec22738379bcab6"
  integrity sha512-hIFLm4H1boj6CBZx55P4xKby9jgDTeDG0Jj3iXtwaaHmlD5JmiDkZhh8+DYWkTGchu+rRF36AVROLnk0oaqhHw==
  dependencies:
    "@prisma/debug" "5.13.0"
    "@prisma/engines-version" "5.13.0-23.b9a39a7ee606c28e3455d0fd60e78c3ba82b1a2b"
    "@prisma/fetch-engine" "5.13.0"
    "@prisma/get-platform" "5.13.0"

"@prisma/fetch-engine@5.13.0":
  version "5.13.0"
  resolved "https://registry.yarnpkg.com/@prisma/fetch-engine/-/fetch-engine-5.13.0.tgz#9b6945c7b38bb59e840f8905b20ea7a3d059ca55"
  integrity sha512-Yh4W+t6YKyqgcSEB3odBXt7QyVSm0OQlBSldQF2SNXtmOgMX8D7PF/fvH6E6qBCpjB/yeJLy/FfwfFijoHI6sA==
  dependencies:
    "@prisma/debug" "5.13.0"
    "@prisma/engines-version" "5.13.0-23.b9a39a7ee606c28e3455d0fd60e78c3ba82b1a2b"
    "@prisma/get-platform" "5.13.0"

"@prisma/get-platform@5.13.0":
  version "5.13.0"
  resolved "https://registry.yarnpkg.com/@prisma/get-platform/-/get-platform-5.13.0.tgz#99ef909a52b9d79b64d72d2d3d8210c4892b6572"
  integrity sha512-B/WrQwYTzwr7qCLifQzYOmQhZcFmIFhR81xC45gweInSUn2hTEbfKUPd2keAog+y5WI5xLAFNJ3wkXplvSVkSw==
  dependencies:
    "@prisma/debug" "5.13.0"

"@types/node@*":
  version "17.0.35"
  resolved "https://registry.yarnpkg.com/@types/node/-/node-17.0.35.tgz#635b7586086d51fb40de0a2ec9d1014a5283ba4a"
  integrity sha512-vu1SrqBjbbZ3J6vwY17jBs8Sr/BKA+/a/WtjRG+whKg1iuLFOosq872EXS0eXWILdO36DHQQeku/ZcL6hz2fpg==

"@vercel/node-bridge@2.2.2":
  version "2.2.2"
  resolved "https://registry.yarnpkg.com/@vercel/node-bridge/-/node-bridge-2.2.2.tgz#f63466ab6a2588afdc6262c2d060289bfe8baa6b"
  integrity sha512-haGBC8noyA5BfjCRXRH+VIkHCDVW5iD5UX24P2nOdilwUxI4qWsattS/co8QBGq64XsNLRAMdM5pQUE3zxkF9Q==

"@vercel/node@^1.15.3":
  version "1.15.3"
  resolved "https://registry.yarnpkg.com/@vercel/node/-/node-1.15.3.tgz#38f7cc9c025e42c040bed19267ef9c1227a7491e"
  integrity sha512-eKm7/9UThh7TIdt7Rpcw40uMkWMQMo13G0E4g7Di2po+RSDKuD2G2sUwTRv8TzrjdB53rrqnuNo4a7xvGApBxA==
  dependencies:
    "@types/node" "*"
    "@vercel/node-bridge" "2.2.2"
    ts-node "8.9.1"
    typescript "4.3.4"

arg@^4.1.0:
  version "4.1.3"
  resolved "https://registry.yarnpkg.com/arg/-/arg-4.1.3.tgz#269fc7ad5b8e42cb63c896d5666017261c144089"
  integrity sha512-58S9QDqG0Xx27YwPSt9fJxivjYl432YCwfDMfZ+71RAqUrZef7LrKQZ3LHLOwCS4FLNBplP533Zx895SeOCHvA==

buffer-from@^1.0.0:
  version "1.1.2"
  resolved "https://registry.yarnpkg.com/buffer-from/-/buffer-from-1.1.2.tgz#2b146a6fd72e80b4f55d255f35ed59a3a9a41bd5"
  integrity sha512-E+XQCRwSbaaiChtv6k6Dwgc+bx+Bs6vuKJHHl5kox/BaKbhiXzqQOwK4cO22yElGp2OCmjwVhT3HmxgyPGnJfQ==

diff@^4.0.1:
  version "4.0.2"
  resolved "https://registry.yarnpkg.com/diff/-/diff-4.0.2.tgz#60f3aecb89d5fae520c11aa19efc2bb982aade7d"
  integrity sha512-58lmxKSA4BNyLz+HHMUzlOEpg09FV+ev6ZMe3vJihgdxzgcwZ8VoEEPmALCZG9LmqfVoNMMKpttIYTVG6uDY7A==

make-error@^1.1.1:
  version "1.3.6"
  resolved "https://registry.yarnpkg.com/make-error/-/make-error-1.3.6.tgz#2eb2e37ea9b67c4891f684a1394799af484cf7a2"
  integrity sha512-s8UhlNe7vPKomQhC1qFelMokr/Sc3AgNbso3n74mVPA5LTZwkB9NlXf4XPamLxJE8h0gh73rM94xvwRT2CVInw==

prisma@5.13.0:
  version "5.13.0"
  resolved "https://registry.yarnpkg.com/prisma/-/prisma-5.13.0.tgz#1f06e20ccfb6038ad68869e6eacd3b346f9d0851"
  integrity sha512-kGtcJaElNRAdAGsCNykFSZ7dBKpL14Cbs+VaQ8cECxQlRPDjBlMHNFYeYt0SKovAVy2Y65JXQwB3A5+zIQwnTg==
  dependencies:
    "@prisma/engines" "5.13.0"

source-map-support@^0.5.17:
  version "0.5.21"
  resolved "https://registry.yarnpkg.com/source-map-support/-/source-map-support-0.5.21.tgz#04fe7c7f9e1ed2d662233c28cb2b35b9f63f6e4f"
  integrity sha512-uBHU3L3czsIyYXKX88fdrGovxdSCoTGDRZ6SYXtSRxLZUzHg5P/66Ht6uoUlHu9EZod+inXhKo3qQgwXUT/y1w==
  dependencies:
    buffer-from "^1.0.0"
    source-map "^0.6.0"

source-map@^0.6.0:
  version "0.6.1"
  resolved "https://registry.yarnpkg.com/source-map/-/source-map-0.6.1.tgz#74722af32e9614e9c287a8d0bbde48b5e2f1a263"
  integrity sha512-UjgapumWlbMhkBgzT7Ykc5YXUT46F0iKu8SGXq0bcwP5dz/h0Plj6enJqjz1Zbq2l5WaqYnrVbwWOWMyF3F47g==

ts-node@8.9.1:
  version "8.9.1"
  resolved "https://registry.yarnpkg.com/ts-node/-/ts-node-8.9.1.tgz#2f857f46c47e91dcd28a14e052482eb14cfd65a5"
  integrity sha512-yrq6ODsxEFTLz0R3BX2myf0WBCSQh9A+py8PBo1dCzWIOcvisbyH6akNKqDHMgXePF2kir5mm5JXJTH3OUJYOQ==
  dependencies:
    arg "^4.1.0"
    diff "^4.0.1"
    make-error "^1.1.1"
    source-map-support "^0.5.17"
    yn "3.1.1"

typescript@4.3.4:
  version "4.3.4"
  resolved "https://registry.yarnpkg.com/typescript/-/typescript-4.3.4.tgz#3f85b986945bcf31071decdd96cf8bfa65f9dcbc"
  integrity sha512-uauPG7XZn9F/mo+7MrsRjyvbxFpzemRjKEZXS4AK83oP2KKOJPvb+9cO/gmnv8arWZvhnjVOXz7B49m1l0e9Ew==

yn@3.1.1:
  version "3.1.1"
  resolved "https://registry.yarnpkg.com/yn/-/yn-3.1.1.tgz#1e87401a09d767c1d5eab26a6e4c185182d2eb50"
  integrity sha512-Ux4ygGWsu2c7isFWe8Yu1YluJmqVhxqK2cLXNQA5AcC3QfbGNpM7fu0Y8b/z16pXLnFxZYvWhd3fhBY9DLmC6Q==
